Microsoft Visual Studio Solution File, Format Version 12.00
# Visual Studio 14
VisualStudioVersion = 14.0.25420.1
MinimumVisualStudioVersion = 10.0.40219.1
Project("{F2A71F9B-5D33-465A-A702-920D77279786}") = "Nu", "Nu\Nu\Nu.fsproj", "{A7A6F758-E122-4C2C-9525-1F29802D007C}"
EndProject
Project("{FAE04EC0-301F-11D3-BF4B-00C04F79EFBC}") = "Nu.Gaia.Design", "Nu\Nu.Gaia.Design\Nu.Gaia.Design.csproj", "{F67217C1-6BB3-4180-916B-B7B4CDC14C2D}"
EndProject
Project("{F2A71F9B-5D33-465A-A702-920D77279786}") = "Nu.Gaia", "Nu\Nu.Gaia\Nu.Gaia.fsproj", "{F1768F36-9ED3-4C36-9DCE-9535AEFB0732}"
	ProjectSection(ProjectDependencies) = postProject
		{DCE0536A-59E0-4AB5-86C5-EE919E430583} = {DCE0536A-59E0-4AB5-86C5-EE919E430583}
		{85D631A5-821A-4755-A68E-C1FFC64E469A} = {85D631A5-821A-4755-A68E-C1FFC64E469A}
		{516010F3-7BDC-4D92-A4B3-38ECFEC429A8} = {516010F3-7BDC-4D92-A4B3-38ECFEC429A8}
	EndProjectSection
EndProject
Project("{F2A71F9B-5D33-465A-A702-920D77279786}") = "Nu.Template", "Nu\Nu.Template\Nu.Template.fsproj", "{4DBBAA23-56BA-43CB-AB63-C45D5FC1016F}"
	ProjectSection(ProjectDependencies) = postProject
		{85D631A5-821A-4755-A68E-C1FFC64E469A} = {85D631A5-821A-4755-A68E-C1FFC64E469A}
	EndProjectSection
EndProject
Project("{F2A71F9B-5D33-465A-A702-920D77279786}") = "Prime", "Prime\Prime\Prime.fsproj", "{FE09AE81-B66B-42E0-8192-EADECEFC9893}"
EndProject
Project("{FAE04EC0-301F-11D3-BF4B-00C04F79EFBC}") = "Nu.AStar", "Nu\Nu.AStar\Nu.AStar.csproj", "{61667008-EE77-43B4-8825-0231D241CCA6}"
EndProject
Project("{FAE04EC0-301F-11D3-BF4B-00C04F79EFBC}") = "Nu.SDL2", "Nu\Nu.SDL2\Nu.SDL2.csproj", "{F184A111-8C28-40B4-8CDE-7BF2A64B3CA7}"
EndProject
Project("{F2A71F9B-5D33-465A-A702-920D77279786}") = "Nu.Pipe", "Nu\Nu.Pipe\Nu.Pipe.fsproj", "{85D631A5-821A-4755-A68E-C1FFC64E469A}"
EndProject
Project("{F2A71F9B-5D33-465A-A702-920D77279786}") = "BlazeVector", "Projects\BlazeVector\BlazeVector.fsproj", "{516010F3-7BDC-4D92-A4B3-38ECFEC429A8}"
EndProject
Project("{F2A71F9B-5D33-465A-A702-920D77279786}") = "InfinityRpg", "Projects\InfinityRpg\InfinityRpg.fsproj", "{DCE0536A-59E0-4AB5-86C5-EE919E430583}"
EndProject
Global
	GlobalSection(Performance) = preSolution
		HasPerformanceSessions = true
	EndGlobalSection
	GlobalSection(SolutionConfigurationPlatforms) = preSolution
		Debug|Any CPU = Debug|Any CPU
		Release|Any CPU = Release|Any CPU
	EndGlobalSection
	GlobalSection(ProjectConfigurationPlatforms) = postSolution
		{A7A6F758-E122-4C2C-9525-1F29802D007C}.Debug|Any CPU.ActiveCfg = Debug|Any CPU
		{A7A6F758-E122-4C2C-9525-1F29802D007C}.Debug|Any CPU.Build.0 = Debug|Any CPU
		{A7A6F758-E122-4C2C-9525-1F29802D007C}.Release|Any CPU.ActiveCfg = Release|Any CPU
		{A7A6F758-E122-4C2C-9525-1F29802D007C}.Release|Any CPU.Build.0 = Release|Any CPU
		{F67217C1-6BB3-4180-916B-B7B4CDC14C2D}.Debug|Any CPU.ActiveCfg = Debug|Any CPU
		{F67217C1-6BB3-4180-916B-B7B4CDC14C2D}.Debug|Any CPU.Build.0 = Debug|Any CPU
		{F67217C1-6BB3-4180-916B-B7B4CDC14C2D}.Release|Any CPU.ActiveCfg = Release|Any CPU
		{F67217C1-6BB3-4180-916B-B7B4CDC14C2D}.Release|Any CPU.Build.0 = Release|Any CPU
		{F1768F36-9ED3-4C36-9DCE-9535AEFB0732}.Debug|Any CPU.ActiveCfg = Debug|Any CPU
		{F1768F36-9ED3-4C36-9DCE-9535AEFB0732}.Debug|Any CPU.Build.0 = Debug|Any CPU
		{F1768F36-9ED3-4C36-9DCE-9535AEFB0732}.Release|Any CPU.ActiveCfg = Release|Any CPU
		{F1768F36-9ED3-4C36-9DCE-9535AEFB0732}.Release|Any CPU.Build.0 = Release|Any CPU
		{4DBBAA23-56BA-43CB-AB63-C45D5FC1016F}.Debug|Any CPU.ActiveCfg = Debug|Any CPU
		{4DBBAA23-56BA-43CB-AB63-C45D5FC1016F}.Release|Any CPU.ActiveCfg = Release|Any CPU
		{FE09AE81-B66B-42E0-8192-EADECEFC9893}.Debug|Any CPU.ActiveCfg = Debug|Any CPU
		{FE09AE81-B66B-42E0-8192-EADECEFC9893}.Debug|Any CPU.Build.0 = Debug|Any CPU
		{FE09AE81-B66B-42E0-8192-EADECEFC9893}.Release|Any CPU.ActiveCfg = Release|Any CPU
		{FE09AE81-B66B-42E0-8192-EADECEFC9893}.Release|Any CPU.Build.0 = Release|Any CPU
		{61667008-EE77-43B4-8825-0231D241CCA6}.Debug|Any CPU.ActiveCfg = Debug|Any CPU
		{61667008-EE77-43B4-8825-0231D241CCA6}.Debug|Any CPU.Build.0 = Debug|Any CPU
		{61667008-EE77-43B4-8825-0231D241CCA6}.Release|Any CPU.ActiveCfg = Release|Any CPU
		{61667008-EE77-43B4-8825-0231D241CCA6}.Release|Any CPU.Build.0 = Release|Any CPU
		{F184A111-8C28-40B4-8CDE-7BF2A64B3CA7}.Debug|Any CPU.ActiveCfg = Debug|Any CPU
		{F184A111-8C28-40B4-8CDE-7BF2A64B3CA7}.Debug|Any CPU.Build.0 = Debug|Any CPU
		{F184A111-8C28-40B4-8CDE-7BF2A64B3CA7}.Release|Any CPU.ActiveCfg = Release|Any CPU
		{F184A111-8C28-40B4-8CDE-7BF2A64B3CA7}.Release|Any CPU.Build.0 = Release|Any CPU
		{85D631A5-821A-4755-A68E-C1FFC64E469A}.Debug|Any CPU.ActiveCfg = Debug|Any CPU
		{85D631A5-821A-4755-A68E-C1FFC64E469A}.Debug|Any CPU.Build.0 = Debug|Any CPU
		{85D631A5-821A-4755-A68E-C1FFC64E469A}.Release|Any CPU.ActiveCfg = Release|Any CPU
		{85D631A5-821A-4755-A68E-C1FFC64E469A}.Release|Any CPU.Build.0 = Release|Any CPU
		{516010F3-7BDC-4D92-A4B3-38ECFEC429A8}.Debug|Any CPU.ActiveCfg = Debug|Any CPU
		{516010F3-7BDC-4D92-A4B3-38ECFEC429A8}.Debug|Any CPU.Build.0 = Debug|Any CPU
		{516010F3-7BDC-4D92-A4B3-38ECFEC429A8}.Release|Any CPU.ActiveCfg = Release|Any CPU
		{516010F3-7BDC-4D92-A4B3-38ECFEC429A8}.Release|Any CPU.Build.0 = Release|Any CPU
		{DCE0536A-59E0-4AB5-86C5-EE919E430583}.Debug|Any CPU.ActiveCfg = Debug|Any CPU
		{DCE0536A-59E0-4AB5-86C5-EE919E430583}.Debug|Any CPU.Build.0 = Debug|Any CPU
		{DCE0536A-59E0-4AB5-86C5-EE919E430583}.Release|Any CPU.ActiveCfg = Release|Any CPU
		{DCE0536A-59E0-4AB5-86C5-EE919E430583}.Release|Any CPU.Build.0 = Release|Any CPU
	EndGlobalSection
	GlobalSection(SolutionProperties) = preSolution
		HideSolutionNode = FALSE
	EndGlobalSection
EndGlobal
