Microsoft Visual Studio Solution File, Format Version 12.00
# Visual Studio Version 17
VisualStudioVersion = 17.2.32616.157
MinimumVisualStudioVersion = 10.0.40219.1
Project("{6EC3EE1D-3C4E-46DD-8F32-0CC8E7565705}") = "Nu", "Nu\Nu\Nu.fsproj", "{A7A6F758-E122-4C2C-9525-1F29802D007C}"
EndProject
Project("{6EC3EE1D-3C4E-46DD-8F32-0CC8E7565705}") = "Nu.Template", "Nu\Nu.Template\Nu.Template.fsproj", "{4DBBAA23-56BA-43CB-AB63-C45D5FC1016F}"
EndProject
Project("{6EC3EE1D-3C4E-46DD-8F32-0CC8E7565705}") = "Nu.Tests", "Nu\Nu.Tests\Nu.Tests.fsproj", "{F396C66A-302B-4DE5-A7B8-9701F377E22D}"
EndProject
Project("{9A19103F-16F7-4668-BE54-9A1E7A4F7556}") = "Nu.Math", "Nu\Nu.Math\Nu.Math.csproj", "{F184A111-8C28-40B4-8CDE-7BF2A64B3CA7}"
EndProject
Project("{6EC3EE1D-3C4E-46DD-8F32-0CC8E7565705}") = "Nu.Pipe", "Nu\Nu.Pipe\Nu.Pipe.fsproj", "{85D631A5-821A-4755-A68E-C1FFC64E469A}"
EndProject
Project("{6EC3EE1D-3C4E-46DD-8F32-0CC8E7565705}") = "BlazeVector", "Projects\BlazeVector\BlazeVector.fsproj", "{516010F3-7BDC-4D92-A4B3-38ECFEC429A8}"
EndProject
Project("{6EC3EE1D-3C4E-46DD-8F32-0CC8E7565705}") = "Breakout", "Projects\Breakout\Breakout.fsproj", "{B35856FD-43F9-4695-88F2-AC4CA2502C6D}"
EndProject
Project("{6EC3EE1D-3C4E-46DD-8F32-0CC8E7565705}") = "Nelmish", "Projects\Nelmish\Nelmish.fsproj", "{6C1968A2-094C-4BD5-B779-B150FC969DB6}"
EndProject
Project("{6EC3EE1D-3C4E-46DD-8F32-0CC8E7565705}") = "Elmario", "Projects\Elmario\Elmario.fsproj", "{3E1D51B8-AF7B-4596-8B75-D68F0DE9B9D4}"
EndProject
Project("{6EC3EE1D-3C4E-46DD-8F32-0CC8E7565705}") = "Metrics", "Projects\Metrics\Metrics.fsproj", "{A1751207-AFF8-4CBB-9B7D-94B40E5B60B9}"
EndProject
Project("{6EC3EE1D-3C4E-46DD-8F32-0CC8E7565705}") = "OmniBlade", "Projects\OmniBlade\OmniBlade.fsproj", "{EDB2D29D-E63B-4C58-8DD1-C7FC356F726E}"
EndProject
Project("{6EC3EE1D-3C4E-46DD-8F32-0CC8E7565705}") = "TerraFirma", "Projects\TerraFirma\TerraFirma.fsproj", "{C870C49B-274E-45D3-B053-B9407235E8C3}"
EndProject
Project("{6EC3EE1D-3C4E-46DD-8F32-0CC8E7565705}") = "Twenty48", "Projects\Twenty48\Twenty48.fsproj", "{FCF8AB21-93D4-4C37-8227-A9DE2C1EA58C}"
EndProject
Project("{2150E333-8FDC-42A3-9474-1A3956D46DE8}") = "Projects", "Projects", "{E3C4D6E1-0572-4D80-84A9-8001C21372D3}"
EndProject
Project("{2150E333-8FDC-42A3-9474-1A3956D46DE8}") = "Nu", "Nu", "{56988FA5-8358-442A-B027-A9767FF41FA8}"
EndProject
Project("{6EC3EE1D-3C4E-46DD-8F32-0CC8E7565705}") = "Nu.Gaia", "Nu\Nu.Gaia\Nu.Gaia.fsproj", "{11386F8B-C0AE-4F9A-B5FD-3112A704DC14}"
	ProjectSection(ProjectDependencies) = postProject
		{3E1D51B8-AF7B-4596-8B75-D68F0DE9B9D4} = {3E1D51B8-AF7B-4596-8B75-D68F0DE9B9D4}
		{4DBBAA23-56BA-43CB-AB63-C45D5FC1016F} = {4DBBAA23-56BA-43CB-AB63-C45D5FC1016F}
		{516010F3-7BDC-4D92-A4B3-38ECFEC429A8} = {516010F3-7BDC-4D92-A4B3-38ECFEC429A8}
		{B35856FD-43F9-4695-88F2-AC4CA2502C6D} = {B35856FD-43F9-4695-88F2-AC4CA2502C6D}
		{6C1968A2-094C-4BD5-B779-B150FC969DB6} = {6C1968A2-094C-4BD5-B779-B150FC969DB6}
		{85D631A5-821A-4755-A68E-C1FFC64E469A} = {85D631A5-821A-4755-A68E-C1FFC64E469A}
		{C870C49B-274E-45D3-B053-B9407235E8C3} = {C870C49B-274E-45D3-B053-B9407235E8C3}
		{EDB2D29D-E63B-4C58-8DD1-C7FC356F726E} = {EDB2D29D-E63B-4C58-8DD1-C7FC356F726E}
		{FCF8AB21-93D4-4C37-8227-A9DE2C1EA58C} = {FCF8AB21-93D4-4C37-8227-A9DE2C1EA58C}
	EndProjectSection
EndProject
Global
	GlobalSection(SolutionConfigurationPlatforms) = preSolution
		Debug|Any CPU = Debug|Any CPU
		Release|Any CPU = Release|Any CPU
	EndGlobalSection
	GlobalSection(ProjectConfigurationPlatforms) = postSolution
		{A7A6F758-E122-4C2C-9525-1F29802D007C}.Debug|Any CPU.ActiveCfg = Debug|Any CPU
		{A7A6F758-E122-4C2C-9525-1F29802D007C}.Debug|Any CPU.Build.0 = Debug|Any CPU
		{A7A6F758-E122-4C2C-9525-1F29802D007C}.Release|Any CPU.ActiveCfg = Release|Any CPU
		{A7A6F758-E122-4C2C-9525-1F29802D007C}.Release|Any CPU.Build.0 = Release|Any CPU
		{4DBBAA23-56BA-43CB-AB63-C45D5FC1016F}.Debug|Any CPU.ActiveCfg = Debug|Any CPU
		{4DBBAA23-56BA-43CB-AB63-C45D5FC1016F}.Debug|Any CPU.Build.0 = Debug|Any CPU
		{4DBBAA23-56BA-43CB-AB63-C45D5FC1016F}.Release|Any CPU.ActiveCfg = Release|Any CPU
		{4DBBAA23-56BA-43CB-AB63-C45D5FC1016F}.Release|Any CPU.Build.0 = Release|Any CPU
		{F396C66A-302B-4DE5-A7B8-9701F377E22D}.Debug|Any CPU.ActiveCfg = Debug|Any CPU
		{F396C66A-302B-4DE5-A7B8-9701F377E22D}.Debug|Any CPU.Build.0 = Debug|Any CPU
		{F396C66A-302B-4DE5-A7B8-9701F377E22D}.Release|Any CPU.ActiveCfg = Release|Any CPU
		{F396C66A-302B-4DE5-A7B8-9701F377E22D}.Release|Any CPU.Build.0 = Release|Any CPU
		{F184A111-8C28-40B4-8CDE-7BF2A64B3CA7}.Debug|Any CPU.ActiveCfg = Debug|Any CPU
		{F184A111-8C28-40B4-8CDE-7BF2A64B3CA7}.Debug|Any CPU.Build.0 = Debug|Any CPU
		{F184A111-8C28-40B4-8CDE-7BF2A64B3CA7}.Release|Any CPU.ActiveCfg = Release|Any CPU
		{F184A111-8C28-40B4-8CDE-7BF2A64B3CA7}.Release|Any CPU.Build.0 = Release|Any CPU
		{85D631A5-821A-4755-A68E-C1FFC64E469A}.Debug|Any CPU.ActiveCfg = Debug|Any CPU
		{85D631A5-821A-4755-A68E-C1FFC64E469A}.Debug|Any CPU.Build.0 = Debug|Any CPU
		{85D631A5-821A-4755-A68E-C1FFC64E469A}.Release|Any CPU.ActiveCfg = Release|Any CPU
		{85D631A5-821A-4755-A68E-C1FFC64E469A}.Release|Any CPU.Build.0 = Release|Any CPU
		{516010F3-7BDC-4D92-A4B3-38ECFEC429A8}.Debug|Any CPU.ActiveCfg = Debug|Any CPU
		{516010F3-7BDC-4D92-A4B3-38ECFEC429A8}.Debug|Any CPU.Build.0 = Debug|Any CPU
		{516010F3-7BDC-4D92-A4B3-38ECFEC429A8}.Release|Any CPU.ActiveCfg = Release|Any CPU
		{516010F3-7BDC-4D92-A4B3-38ECFEC429A8}.Release|Any CPU.Build.0 = Release|Any CPU
		{B35856FD-43F9-4695-88F2-AC4CA2502C6D}.Debug|Any CPU.ActiveCfg = Debug|Any CPU
		{B35856FD-43F9-4695-88F2-AC4CA2502C6D}.Debug|Any CPU.Build.0 = Debug|Any CPU
		{B35856FD-43F9-4695-88F2-AC4CA2502C6D}.Release|Any CPU.ActiveCfg = Release|Any CPU
		{B35856FD-43F9-4695-88F2-AC4CA2502C6D}.Release|Any CPU.Build.0 = Release|Any CPU
		{6C1968A2-094C-4BD5-B779-B150FC969DB6}.Debug|Any CPU.ActiveCfg = Debug|Any CPU
		{6C1968A2-094C-4BD5-B779-B150FC969DB6}.Debug|Any CPU.Build.0 = Debug|Any CPU
		{6C1968A2-094C-4BD5-B779-B150FC969DB6}.Release|Any CPU.ActiveCfg = Release|Any CPU
		{6C1968A2-094C-4BD5-B779-B150FC969DB6}.Release|Any CPU.Build.0 = Release|Any CPU
		{3E1D51B8-AF7B-4596-8B75-D68F0DE9B9D4}.Debug|Any CPU.ActiveCfg = Debug|Any CPU
		{3E1D51B8-AF7B-4596-8B75-D68F0DE9B9D4}.Debug|Any CPU.Build.0 = Debug|Any CPU
		{3E1D51B8-AF7B-4596-8B75-D68F0DE9B9D4}.Release|Any CPU.ActiveCfg = Release|Any CPU
		{3E1D51B8-AF7B-4596-8B75-D68F0DE9B9D4}.Release|Any CPU.Build.0 = Release|Any CPU
		{A1751207-AFF8-4CBB-9B7D-94B40E5B60B9}.Debug|Any CPU.ActiveCfg = Debug|Any CPU
		{A1751207-AFF8-4CBB-9B7D-94B40E5B60B9}.Debug|Any CPU.Build.0 = Debug|Any CPU
		{A1751207-AFF8-4CBB-9B7D-94B40E5B60B9}.Release|Any CPU.ActiveCfg = Release|Any CPU
		{A1751207-AFF8-4CBB-9B7D-94B40E5B60B9}.Release|Any CPU.Build.0 = Release|Any CPU
		{EDB2D29D-E63B-4C58-8DD1-C7FC356F726E}.Debug|Any CPU.ActiveCfg = Debug|Any CPU
		{EDB2D29D-E63B-4C58-8DD1-C7FC356F726E}.Debug|Any CPU.Build.0 = Debug|Any CPU
		{EDB2D29D-E63B-4C58-8DD1-C7FC356F726E}.Release|Any CPU.ActiveCfg = Release|Any CPU
		{EDB2D29D-E63B-4C58-8DD1-C7FC356F726E}.Release|Any CPU.Build.0 = Release|Any CPU
		{C870C49B-274E-45D3-B053-B9407235E8C3}.Debug|Any CPU.ActiveCfg = Debug|Any CPU
		{C870C49B-274E-45D3-B053-B9407235E8C3}.Debug|Any CPU.Build.0 = Debug|Any CPU
		{C870C49B-274E-45D3-B053-B9407235E8C3}.Release|Any CPU.ActiveCfg = Release|Any CPU
		{C870C49B-274E-45D3-B053-B9407235E8C3}.Release|Any CPU.Build.0 = Release|Any CPU
		{FCF8AB21-93D4-4C37-8227-A9DE2C1EA58C}.Debug|Any CPU.ActiveCfg = Debug|Any CPU
		{FCF8AB21-93D4-4C37-8227-A9DE2C1EA58C}.Debug|Any CPU.Build.0 = Debug|Any CPU
		{FCF8AB21-93D4-4C37-8227-A9DE2C1EA58C}.Release|Any CPU.ActiveCfg = Release|Any CPU
		{FCF8AB21-93D4-4C37-8227-A9DE2C1EA58C}.Release|Any CPU.Build.0 = Release|Any CPU
		{11386F8B-C0AE-4F9A-B5FD-3112A704DC14}.Debug|Any CPU.ActiveCfg = Debug|Any CPU
		{11386F8B-C0AE-4F9A-B5FD-3112A704DC14}.Debug|Any CPU.Build.0 = Debug|Any CPU
		{11386F8B-C0AE-4F9A-B5FD-3112A704DC14}.Release|Any CPU.ActiveCfg = Release|Any CPU
		{11386F8B-C0AE-4F9A-B5FD-3112A704DC14}.Release|Any CPU.Build.0 = Release|Any CPU
	EndGlobalSection
	GlobalSection(SolutionProperties) = preSolution
		HideSolutionNode = FALSE
	EndGlobalSection
	GlobalSection(NestedProjects) = preSolution
		{A7A6F758-E122-4C2C-9525-1F29802D007C} = {56988FA5-8358-442A-B027-A9767FF41FA8}
		{4DBBAA23-56BA-43CB-AB63-C45D5FC1016F} = {56988FA5-8358-442A-B027-A9767FF41FA8}
		{F396C66A-302B-4DE5-A7B8-9701F377E22D} = {56988FA5-8358-442A-B027-A9767FF41FA8}
		{F184A111-8C28-40B4-8CDE-7BF2A64B3CA7} = {56988FA5-8358-442A-B027-A9767FF41FA8}
		{85D631A5-821A-4755-A68E-C1FFC64E469A} = {56988FA5-8358-442A-B027-A9767FF41FA8}
		{516010F3-7BDC-4D92-A4B3-38ECFEC429A8} = {E3C4D6E1-0572-4D80-84A9-8001C21372D3}
		{B35856FD-43F9-4695-88F2-AC4CA2502C6D} = {E3C4D6E1-0572-4D80-84A9-8001C21372D3}
		{6C1968A2-094C-4BD5-B779-B150FC969DB6} = {E3C4D6E1-0572-4D80-84A9-8001C21372D3}
		{3E1D51B8-AF7B-4596-8B75-D68F0DE9B9D4} = {E3C4D6E1-0572-4D80-84A9-8001C21372D3}
		{A1751207-AFF8-4CBB-9B7D-94B40E5B60B9} = {E3C4D6E1-0572-4D80-84A9-8001C21372D3}
		{EDB2D29D-E63B-4C58-8DD1-C7FC356F726E} = {E3C4D6E1-0572-4D80-84A9-8001C21372D3}
		{C870C49B-274E-45D3-B053-B9407235E8C3} = {E3C4D6E1-0572-4D80-84A9-8001C21372D3}
		{FCF8AB21-93D4-4C37-8227-A9DE2C1EA58C} = {E3C4D6E1-0572-4D80-84A9-8001C21372D3}
		{11386F8B-C0AE-4F9A-B5FD-3112A704DC14} = {56988FA5-8358-442A-B027-A9767FF41FA8}
	EndGlobalSection
	GlobalSection(ExtensibilityGlobals) = postSolution
		SolutionGuid = {ED68D660-D910-44E3-9438-9F91D738C947}
	EndGlobalSection
EndGlobal
