Microsoft Visual Studio Solution File, Format Version 12.00
# Visual Studio Version 16
VisualStudioVersion = 16.0.29215.179
MinimumVisualStudioVersion = 10.0.40219.1
Project("{F2A71F9B-5D33-465A-A702-920D77279786}") = "Nu", "Nu\Nu\Nu.fsproj", "{A7A6F758-E122-4C2C-9525-1F29802D007C}"
EndProject
Project("{FAE04EC0-301F-11D3-BF4B-00C04F79EFBC}") = "Nu.Gaia.Design", "Nu\Nu.Gaia.Design\Nu.Gaia.Design.csproj", "{F67217C1-6BB3-4180-916B-B7B4CDC14C2D}"
EndProject
Project("{F2A71F9B-5D33-465A-A702-920D77279786}") = "Nu.Gaia", "Nu\Nu.Gaia\Nu.Gaia.fsproj", "{F1768F36-9ED3-4C36-9DCE-9535AEFB0732}"
	ProjectSection(ProjectDependencies) = postProject
		{A1751207-AFF8-4CBB-9B7D-94B40E5B60B9} = {A1751207-AFF8-4CBB-9B7D-94B40E5B60B9}
		{4DBBAA23-56BA-43CB-AB63-C45D5FC1016F} = {4DBBAA23-56BA-43CB-AB63-C45D5FC1016F}
		{DCE0536A-59E0-4AB5-86C5-EE919E430583} = {DCE0536A-59E0-4AB5-86C5-EE919E430583}
		{EDB2D29D-E63B-4C58-8DD1-C7FC356F726E} = {EDB2D29D-E63B-4C58-8DD1-C7FC356F726E}
		{6C1968A2-094C-4BD5-B779-B150FC969DB6} = {6C1968A2-094C-4BD5-B779-B150FC969DB6}
		{85D631A5-821A-4755-A68E-C1FFC64E469A} = {85D631A5-821A-4755-A68E-C1FFC64E469A}
		{3E1D51B8-AF7B-4596-8B75-D68F0DE9B9D4} = {3E1D51B8-AF7B-4596-8B75-D68F0DE9B9D4}
		{516010F3-7BDC-4D92-A4B3-38ECFEC429A8} = {516010F3-7BDC-4D92-A4B3-38ECFEC429A8}
	EndProjectSection
EndProject
Project("{F2A71F9B-5D33-465A-A702-920D77279786}") = "Nu.Template", "Nu\Nu.Template\Nu.Template.fsproj", "{4DBBAA23-56BA-43CB-AB63-C45D5FC1016F}"
	ProjectSection(ProjectDependencies) = postProject
		{85D631A5-821A-4755-A68E-C1FFC64E469A} = {85D631A5-821A-4755-A68E-C1FFC64E469A}
	EndProjectSection
EndProject
Project("{FAE04EC0-301F-11D3-BF4B-00C04F79EFBC}") = "Nu.AStar", "Nu\Nu.AStar\Nu.AStar.csproj", "{61667008-EE77-43B4-8825-0231D241CCA6}"
EndProject
Project("{FAE04EC0-301F-11D3-BF4B-00C04F79EFBC}") = "Nu.Math", "Nu\Nu.Math\Nu.Math.csproj", "{F184A111-8C28-40B4-8CDE-7BF2A64B3CA7}"
EndProject
Project("{F2A71F9B-5D33-465A-A702-920D77279786}") = "Nu.Pipe", "Nu\Nu.Pipe\Nu.Pipe.fsproj", "{85D631A5-821A-4755-A68E-C1FFC64E469A}"
EndProject
Project("{F2A71F9B-5D33-465A-A702-920D77279786}") = "BlazeVector", "Projects\BlazeVector\BlazeVector.fsproj", "{516010F3-7BDC-4D92-A4B3-38ECFEC429A8}"
EndProject
Project("{F2A71F9B-5D33-465A-A702-920D77279786}") = "InfinityRpg", "Projects\InfinityRpg\InfinityRpg.fsproj", "{DCE0536A-59E0-4AB5-86C5-EE919E430583}"
EndProject
Project("{F2A71F9B-5D33-465A-A702-920D77279786}") = "Nelmish", "Projects\Nelmish\Nelmish.fsproj", "{6C1968A2-094C-4BD5-B779-B150FC969DB6}"
EndProject
Project("{F2A71F9B-5D33-465A-A702-920D77279786}") = "Elmario", "Projects\Elmario\Elmario.fsproj", "{3E1D51B8-AF7B-4596-8B75-D68F0DE9B9D4}"
EndProject
Project("{F2A71F9B-5D33-465A-A702-920D77279786}") = "Metrics", "Projects\Metrics\Metrics.fsproj", "{A1751207-AFF8-4CBB-9B7D-94B40E5B60B9}"
EndProject
Project("{F2A71F9B-5D33-465A-A702-920D77279786}") = "OmniBlade", "Projects\OmniBlade\OmniBlade.fsproj", "{EDB2D29D-E63B-4C58-8DD1-C7FC356F726E}"
EndProject
Project("{2150E333-8FDC-42A3-9474-1A3956D46DE8}") = "Projects", "Projects", "{E3C4D6E1-0572-4D80-84A9-8001C21372D3}"
EndProject
Project("{2150E333-8FDC-42A3-9474-1A3956D46DE8}") = "Nu", "Nu", "{56988FA5-8358-442A-B027-A9767FF41FA8}"
EndProject
Global
	GlobalSection(SolutionConfigurationPlatforms) = preSolution
		Debug|x64 = Debug|x64
		Release|x64 = Release|x64
	EndGlobalSection
	GlobalSection(ProjectConfigurationPlatforms) = postSolution
		{A7A6F758-E122-4C2C-9525-1F29802D007C}.Debug|x64.ActiveCfg = Debug|x64
		{A7A6F758-E122-4C2C-9525-1F29802D007C}.Debug|x64.Build.0 = Debug|x64
		{A7A6F758-E122-4C2C-9525-1F29802D007C}.Release|x64.ActiveCfg = Release|x64
		{A7A6F758-E122-4C2C-9525-1F29802D007C}.Release|x64.Build.0 = Release|x64
		{F67217C1-6BB3-4180-916B-B7B4CDC14C2D}.Debug|x64.ActiveCfg = Debug|x64
		{F67217C1-6BB3-4180-916B-B7B4CDC14C2D}.Debug|x64.Build.0 = Debug|x64
		{F67217C1-6BB3-4180-916B-B7B4CDC14C2D}.Release|x64.ActiveCfg = Release|x64
		{F67217C1-6BB3-4180-916B-B7B4CDC14C2D}.Release|x64.Build.0 = Release|x64
		{F1768F36-9ED3-4C36-9DCE-9535AEFB0732}.Debug|x64.ActiveCfg = Debug|x64
		{F1768F36-9ED3-4C36-9DCE-9535AEFB0732}.Debug|x64.Build.0 = Debug|x64
		{F1768F36-9ED3-4C36-9DCE-9535AEFB0732}.Release|x64.ActiveCfg = Release|x64
		{F1768F36-9ED3-4C36-9DCE-9535AEFB0732}.Release|x64.Build.0 = Release|x64
		{4DBBAA23-56BA-43CB-AB63-C45D5FC1016F}.Debug|x64.ActiveCfg = Debug|x64
		{4DBBAA23-56BA-43CB-AB63-C45D5FC1016F}.Debug|x64.Build.0 = Debug|x64
		{4DBBAA23-56BA-43CB-AB63-C45D5FC1016F}.Release|x64.ActiveCfg = Release|x64
		{4DBBAA23-56BA-43CB-AB63-C45D5FC1016F}.Release|x64.Build.0 = Release|x64
		{61667008-EE77-43B4-8825-0231D241CCA6}.Debug|x64.ActiveCfg = Debug|x64
		{61667008-EE77-43B4-8825-0231D241CCA6}.Debug|x64.Build.0 = Debug|x64
		{61667008-EE77-43B4-8825-0231D241CCA6}.Release|x64.ActiveCfg = Release|x64
		{61667008-EE77-43B4-8825-0231D241CCA6}.Release|x64.Build.0 = Release|x64
		{F184A111-8C28-40B4-8CDE-7BF2A64B3CA7}.Debug|x64.ActiveCfg = Debug|x64
		{F184A111-8C28-40B4-8CDE-7BF2A64B3CA7}.Debug|x64.Build.0 = Debug|x64
		{F184A111-8C28-40B4-8CDE-7BF2A64B3CA7}.Release|x64.ActiveCfg = Release|x64
		{F184A111-8C28-40B4-8CDE-7BF2A64B3CA7}.Release|x64.Build.0 = Release|x64
		{85D631A5-821A-4755-A68E-C1FFC64E469A}.Debug|x64.ActiveCfg = Debug|x64
		{85D631A5-821A-4755-A68E-C1FFC64E469A}.Debug|x64.Build.0 = Debug|x64
		{85D631A5-821A-4755-A68E-C1FFC64E469A}.Release|x64.ActiveCfg = Release|x64
		{85D631A5-821A-4755-A68E-C1FFC64E469A}.Release|x64.Build.0 = Release|x64
		{516010F3-7BDC-4D92-A4B3-38ECFEC429A8}.Debug|x64.ActiveCfg = Debug|x64
		{516010F3-7BDC-4D92-A4B3-38ECFEC429A8}.Debug|x64.Build.0 = Debug|x64
		{516010F3-7BDC-4D92-A4B3-38ECFEC429A8}.Release|x64.ActiveCfg = Release|x64
		{516010F3-7BDC-4D92-A4B3-38ECFEC429A8}.Release|x64.Build.0 = Release|x64
		{DCE0536A-59E0-4AB5-86C5-EE919E430583}.Debug|x64.ActiveCfg = Debug|x64
		{DCE0536A-59E0-4AB5-86C5-EE919E430583}.Debug|x64.Build.0 = Debug|x64
		{DCE0536A-59E0-4AB5-86C5-EE919E430583}.Release|x64.ActiveCfg = Release|x64
		{DCE0536A-59E0-4AB5-86C5-EE919E430583}.Release|x64.Build.0 = Release|x64
		{6C1968A2-094C-4BD5-B779-B150FC969DB6}.Debug|x64.ActiveCfg = Debug|x64
		{6C1968A2-094C-4BD5-B779-B150FC969DB6}.Debug|x64.Build.0 = Debug|x64
		{6C1968A2-094C-4BD5-B779-B150FC969DB6}.Release|x64.ActiveCfg = Release|x64
		{6C1968A2-094C-4BD5-B779-B150FC969DB6}.Release|x64.Build.0 = Release|x64
		{3E1D51B8-AF7B-4596-8B75-D68F0DE9B9D4}.Debug|x64.ActiveCfg = Debug|x64
		{3E1D51B8-AF7B-4596-8B75-D68F0DE9B9D4}.Debug|x64.Build.0 = Debug|x64
		{3E1D51B8-AF7B-4596-8B75-D68F0DE9B9D4}.Release|x64.ActiveCfg = Release|x64
		{3E1D51B8-AF7B-4596-8B75-D68F0DE9B9D4}.Release|x64.Build.0 = Release|x64
		{A1751207-AFF8-4CBB-9B7D-94B40E5B60B9}.Debug|x64.ActiveCfg = Debug|x64
		{A1751207-AFF8-4CBB-9B7D-94B40E5B60B9}.Debug|x64.Build.0 = Debug|x64
		{A1751207-AFF8-4CBB-9B7D-94B40E5B60B9}.Release|x64.ActiveCfg = Release|x64
		{A1751207-AFF8-4CBB-9B7D-94B40E5B60B9}.Release|x64.Build.0 = Release|x64
		{EDB2D29D-E63B-4C58-8DD1-C7FC356F726E}.Debug|x64.ActiveCfg = Debug|x64
		{EDB2D29D-E63B-4C58-8DD1-C7FC356F726E}.Debug|x64.Build.0 = Debug|x64
		{EDB2D29D-E63B-4C58-8DD1-C7FC356F726E}.Release|x64.ActiveCfg = Release|x64
		{EDB2D29D-E63B-4C58-8DD1-C7FC356F726E}.Release|x64.Build.0 = Release|x64
	EndGlobalSection
	GlobalSection(SolutionProperties) = preSolution
		HideSolutionNode = FALSE
	EndGlobalSection
	GlobalSection(NestedProjects) = preSolution
		{A7A6F758-E122-4C2C-9525-1F29802D007C} = {56988FA5-8358-442A-B027-A9767FF41FA8}
		{F67217C1-6BB3-4180-916B-B7B4CDC14C2D} = {56988FA5-8358-442A-B027-A9767FF41FA8}
		{F1768F36-9ED3-4C36-9DCE-9535AEFB0732} = {56988FA5-8358-442A-B027-A9767FF41FA8}
		{4DBBAA23-56BA-43CB-AB63-C45D5FC1016F} = {56988FA5-8358-442A-B027-A9767FF41FA8}
		{61667008-EE77-43B4-8825-0231D241CCA6} = {56988FA5-8358-442A-B027-A9767FF41FA8}
		{F184A111-8C28-40B4-8CDE-7BF2A64B3CA7} = {56988FA5-8358-442A-B027-A9767FF41FA8}
		{85D631A5-821A-4755-A68E-C1FFC64E469A} = {56988FA5-8358-442A-B027-A9767FF41FA8}
		{516010F3-7BDC-4D92-A4B3-38ECFEC429A8} = {E3C4D6E1-0572-4D80-84A9-8001C21372D3}
		{DCE0536A-59E0-4AB5-86C5-EE919E430583} = {E3C4D6E1-0572-4D80-84A9-8001C21372D3}
		{6C1968A2-094C-4BD5-B779-B150FC969DB6} = {E3C4D6E1-0572-4D80-84A9-8001C21372D3}
		{3E1D51B8-AF7B-4596-8B75-D68F0DE9B9D4} = {E3C4D6E1-0572-4D80-84A9-8001C21372D3}
		{A1751207-AFF8-4CBB-9B7D-94B40E5B60B9} = {E3C4D6E1-0572-4D80-84A9-8001C21372D3}
		{EDB2D29D-E63B-4C58-8DD1-C7FC356F726E} = {E3C4D6E1-0572-4D80-84A9-8001C21372D3}
	EndGlobalSection
	GlobalSection(ExtensibilityGlobals) = postSolution
		SolutionGuid = {ED68D660-D910-44E3-9438-9F91D738C947}
	EndGlobalSection
EndGlobal
