Microsoft Visual Studio Solution File, Format Version 12.00
# Visual Studio Express 2012 for Web
Project("{F2A71F9B-5D33-465A-A702-920D77279786}") = "Nu", "Nu\Nu.fsproj", "{A7A6F758-E122-4C2C-9525-1F29802D007C}"
EndProject
Project("{F2A71F9B-5D33-465A-A702-920D77279786}") = "Aml", "..\..\Aml\Aml\Aml\Aml.fsproj", "{6703B97A-6B6D-4E68-BA67-4A29EE72EC42}"
EndProject
Project("{F2A71F9B-5D33-465A-A702-920D77279786}") = "Prime", "..\..\Prime\Prime\Prime\Prime.fsproj", "{FE09AE81-B66B-42E0-8192-EADECEFC9893}"
EndProject
Global
	GlobalSection(SolutionConfigurationPlatforms) = preSolution
		Debug|Any CPU = Debug|Any CPU
		Optimized|Any CPU = Optimized|Any CPU
		Release|Any CPU = Release|Any CPU
	EndGlobalSection
	GlobalSection(ProjectConfigurationPlatforms) = postSolution
		{A7A6F758-E122-4C2C-9525-1F29802D007C}.Debug|Any CPU.ActiveCfg = Debug|Any CPU
		{A7A6F758-E122-4C2C-9525-1F29802D007C}.Debug|Any CPU.Build.0 = Debug|Any CPU
		{A7A6F758-E122-4C2C-9525-1F29802D007C}.Optimized|Any CPU.ActiveCfg = Release|Any CPU
		{A7A6F758-E122-4C2C-9525-1F29802D007C}.Optimized|Any CPU.Build.0 = Release|Any CPU
		{A7A6F758-E122-4C2C-9525-1F29802D007C}.Release|Any CPU.ActiveCfg = Release|Any CPU
		{A7A6F758-E122-4C2C-9525-1F29802D007C}.Release|Any CPU.Build.0 = Release|Any CPU
		{6703B97A-6B6D-4E68-BA67-4A29EE72EC42}.Debug|Any CPU.ActiveCfg = Debug|Any CPU
		{6703B97A-6B6D-4E68-BA67-4A29EE72EC42}.Debug|Any CPU.Build.0 = Debug|Any CPU
		{6703B97A-6B6D-4E68-BA67-4A29EE72EC42}.Optimized|Any CPU.ActiveCfg = Optimized|Any CPU
		{6703B97A-6B6D-4E68-BA67-4A29EE72EC42}.Optimized|Any CPU.Build.0 = Optimized|Any CPU
		{6703B97A-6B6D-4E68-BA67-4A29EE72EC42}.Release|Any CPU.ActiveCfg = Release|Any CPU
		{6703B97A-6B6D-4E68-BA67-4A29EE72EC42}.Release|Any CPU.Build.0 = Release|Any CPU
		{FE09AE81-B66B-42E0-8192-EADECEFC9893}.Debug|Any CPU.ActiveCfg = Debug|Any CPU
		{FE09AE81-B66B-42E0-8192-EADECEFC9893}.Debug|Any CPU.Build.0 = Debug|Any CPU
		{FE09AE81-B66B-42E0-8192-EADECEFC9893}.Optimized|Any CPU.ActiveCfg = Release|Any CPU
		{FE09AE81-B66B-42E0-8192-EADECEFC9893}.Optimized|Any CPU.Build.0 = Release|Any CPU
		{FE09AE81-B66B-42E0-8192-EADECEFC9893}.Release|Any CPU.ActiveCfg = Release|Any CPU
		{FE09AE81-B66B-42E0-8192-EADECEFC9893}.Release|Any CPU.Build.0 = Release|Any CPU
	EndGlobalSection
	GlobalSection(SolutionProperties) = preSolution
		HideSolutionNode = FALSE
	EndGlobalSection
EndGlobal
